
Microsoft Visual Studio Solution File, Format Version 12.00
# Visual Studio Version 17
VisualStudioVersion = 17.0.31903.59
MinimumVisualStudioVersion = 10.0.40219.1
Project("{FAE04EC0-301F-11D3-BF4B-00C04F79EFBC}") = "AT.Common.Saksarkiv.Publish", "AT.Common.Saksarkiv.Publish\AT.Common.Saksarkiv.Publish.csproj", "{0F6919CE-0586-41E6-AD30-0EF0F09531BF}"
EndProject
Project("{FAE04EC0-301F-11D3-BF4B-00C04F79EFBC}") = "AT.Common.Saksarkiv.Test", "AT.Common.Saksarkiv.Test\AT.Common.Saksarkiv.Test.csproj", "{AD94E664-9C56-481C-A93E-51D67FD30AA2}"
EndProject
Project("{FAE04EC0-301F-11D3-BF4B-00C04F79EFBC}") = "AT.Common.Saksarkiv.Test.ArchUnit", "AT.Common.Saksarkiv.Test.ArchUnit\AT.Common.Saksarkiv.Test.ArchUnit.csproj", "{B2BB8A7E-1516-4F0D-A131-15272CF3B81E}"
EndProject
Global
	GlobalSection(SolutionConfigurationPlatforms) = preSolution
		Debug|Any CPU = Debug|Any CPU
		Debug|x64 = Debug|x64
		Debug|x86 = Debug|x86
		Release|Any CPU = Release|Any CPU
		Release|x64 = Release|x64
		Release|x86 = Release|x86
	EndGlobalSection
	GlobalSection(ProjectConfigurationPlatforms) = postSolution
		{0F6919CE-0586-41E6-AD30-0EF0F09531BF}.Debug|Any CPU.ActiveCfg = Debug|Any CPU
		{0F6919CE-0586-41E6-AD30-0EF0F09531BF}.Debug|Any CPU.Build.0 = Debug|Any CPU
		{0F6919CE-0586-41E6-AD30-0EF0F09531BF}.Debug|x64.ActiveCfg = Debug|Any CPU
		{0F6919CE-0586-41E6-AD30-0EF0F09531BF}.Debug|x64.Build.0 = Debug|Any CPU
		{0F6919CE-0586-41E6-AD30-0EF0F09531BF}.Debug|x86.ActiveCfg = Debug|Any CPU
		{0F6919CE-0586-41E6-AD30-0EF0F09531BF}.Debug|x86.Build.0 = Debug|Any CPU
		{0F6919CE-0586-41E6-AD30-0EF0F09531BF}.Release|Any CPU.ActiveCfg = Release|Any CPU
		{0F6919CE-0586-41E6-AD30-0EF0F09531BF}.Release|Any CPU.Build.0 = Release|Any CPU
		{0F6919CE-0586-41E6-AD30-0EF0F09531BF}.Release|x64.ActiveCfg = Release|Any CPU
		{0F6919CE-0586-41E6-AD30-0EF0F09531BF}.Release|x64.Build.0 = Release|Any CPU
		{0F6919CE-0586-41E6-AD30-0EF0F09531BF}.Release|x86.ActiveCfg = Release|Any CPU
		{0F6919CE-0586-41E6-AD30-0EF0F09531BF}.Release|x86.Build.0 = Release|Any CPU
		{AD94E664-9C56-481C-A93E-51D67FD30AA2}.Debug|Any CPU.ActiveCfg = Debug|Any CPU
		{AD94E664-9C56-481C-A93E-51D67FD30AA2}.Debug|Any CPU.Build.0 = Debug|Any CPU
		{AD94E664-9C56-481C-A93E-51D67FD30AA2}.Debug|x64.ActiveCfg = Debug|Any CPU
		{AD94E664-9C56-481C-A93E-51D67FD30AA2}.Debug|x64.Build.0 = Debug|Any CPU
		{AD94E664-9C56-481C-A93E-51D67FD30AA2}.Debug|x86.ActiveCfg = Debug|Any CPU
		{AD94E664-9C56-481C-A93E-51D67FD30AA2}.Debug|x86.Build.0 = Debug|Any CPU
		{AD94E664-9C56-481C-A93E-51D67FD30AA2}.Release|Any CPU.ActiveCfg = Release|Any CPU
		{AD94E664-9C56-481C-A93E-51D67FD30AA2}.Release|Any CPU.Build.0 = Release|Any CPU
		{AD94E664-9C56-481C-A93E-51D67FD30AA2}.Release|x64.ActiveCfg = Release|Any CPU
		{AD94E664-9C56-481C-A93E-51D67FD30AA2}.Release|x64.Build.0 = Release|Any CPU
		{AD94E664-9C56-481C-A93E-51D67FD30AA2}.Release|x86.ActiveCfg = Release|Any CPU
		{AD94E664-9C56-481C-A93E-51D67FD30AA2}.Release|x86.Build.0 = Release|Any CPU
		{B2BB8A7E-1516-4F0D-A131-15272CF3B81E}.Debug|Any CPU.ActiveCfg = Debug|Any CPU
		{B2BB8A7E-1516-4F0D-A131-15272CF3B81E}.Debug|Any CPU.Build.0 = Debug|Any CPU
		{B2BB8A7E-1516-4F0D-A131-15272CF3B81E}.Debug|x64.ActiveCfg = Debug|Any CPU
		{B2BB8A7E-1516-4F0D-A131-15272CF3B81E}.Debug|x64.Build.0 = Debug|Any CPU
		{B2BB8A7E-1516-4F0D-A131-15272CF3B81E}.Debug|x86.ActiveCfg = Debug|Any CPU
		{B2BB8A7E-1516-4F0D-A131-15272CF3B81E}.Debug|x86.Build.0 = Debug|Any CPU
		{B2BB8A7E-1516-4F0D-A131-15272CF3B81E}.Release|Any CPU.ActiveCfg = Release|Any CPU
		{B2BB8A7E-1516-4F0D-A131-15272CF3B81E}.Release|Any CPU.Build.0 = Release|Any CPU
		{B2BB8A7E-1516-4F0D-A131-15272CF3B81E}.Release|x64.ActiveCfg = Release|Any CPU
		{B2BB8A7E-1516-4F0D-A131-15272CF3B81E}.Release|x64.Build.0 = Release|Any CPU
		{B2BB8A7E-1516-4F0D-A131-15272CF3B81E}.Release|x86.ActiveCfg = Release|Any CPU
		{B2BB8A7E-1516-4F0D-A131-15272CF3B81E}.Release|x86.Build.0 = Release|Any CPU
	EndGlobalSection
	GlobalSection(SolutionProperties) = preSolution
		HideSolutionNode = FALSE
	EndGlobalSection
EndGlobal
